// !$*UTF8*$!
{
	archiveVersion = 1;
	classes = {
	};
	objectVersion = 50;
	objects = {

/* Begin PBXBuildFile section */
		CB3E7FDB2597C7D700D5A31E /* AppDelegate.swift in Sources */ = {isa = PBXBuildFile; fileRef = CB3E7FDA2597C7D700D5A31E /* AppDelegate.swift */; };
		CB3E7FDD2597C7D700D5A31E /* SceneDelegate.swift in Sources */ = {isa = PBXBuildFile; fileRef = CB3E7FDC2597C7D700D5A31E /* SceneDelegate.swift */; };
		CB3E7FDF2597C7D700D5A31E /* ViewController.swift in Sources */ = {isa = PBXBuildFile; fileRef = CB3E7FDE2597C7D700D5A31E /* ViewController.swift */; };
		CB3E7FE42597C7D800D5A31E /* Assets.xcassets in Resources */ = {isa = PBXBuildFile; fileRef = CB3E7FE32597C7D800D5A31E /* Assets.xcassets */; };
		CB3E7FE72597C7D800D5A31E /* LaunchScreen.storyboard in Resources */ = {isa = PBXBuildFile; fileRef = CB3E7FE52597C7D800D5A31E /* LaunchScreen.storyboard */; };
		CB7CEE792597DBF600A465EE /* UIColor+Extensions.swift in Sources */ = {isa = PBXBuildFile; fileRef = CB7CEE782597DBF600A465EE /* UIColor+Extensions.swift */; };
		CB7CEE7D2597E05E00A465EE /* UIFont+Extensions.swift in Sources */ = {isa = PBXBuildFile; fileRef = CB7CEE7C2597E05E00A465EE /* UIFont+Extensions.swift */; };
		CB7CEE8A2597E10D00A465EE /* OpenSans-Italic.ttf in Resources */ = {isa = PBXBuildFile; fileRef = CB7CEE802597E10D00A465EE /* OpenSans-Italic.ttf */; };
		CB7CEE8B2597E10D00A465EE /* OpenSans-Light.ttf in Resources */ = {isa = PBXBuildFile; fileRef = CB7CEE812597E10D00A465EE /* OpenSans-Light.ttf */; };
		CB7CEE8C2597E10D00A465EE /* OpenSans-SemiBoldItalic.ttf in Resources */ = {isa = PBXBuildFile; fileRef = CB7CEE822597E10D00A465EE /* OpenSans-SemiBoldItalic.ttf */; };
		CB7CEE8D2597E10D00A465EE /* OpenSans-Regular.ttf in Resources */ = {isa = PBXBuildFile; fileRef = CB7CEE832597E10D00A465EE /* OpenSans-Regular.ttf */; };
		CB7CEE8E2597E10D00A465EE /* OpenSans-SemiBold.ttf in Resources */ = {isa = PBXBuildFile; fileRef = CB7CEE842597E10D00A465EE /* OpenSans-SemiBold.ttf */; };
		CB7CEE8F2597E10D00A465EE /* OpenSans-Bold.ttf in Resources */ = {isa = PBXBuildFile; fileRef = CB7CEE852597E10D00A465EE /* OpenSans-Bold.ttf */; };
		CB7CEE902597E10D00A465EE /* OpenSans-ExtraBoldItalic.ttf in Resources */ = {isa = PBXBuildFile; fileRef = CB7CEE862597E10D00A465EE /* OpenSans-ExtraBoldItalic.ttf */; };
		CB7CEE912597E10D00A465EE /* OpenSans-BoldItalic.ttf in Resources */ = {isa = PBXBuildFile; fileRef = CB7CEE872597E10D00A465EE /* OpenSans-BoldItalic.ttf */; };
		CB7CEE922597E10D00A465EE /* OpenSans-LightItalic.ttf in Resources */ = {isa = PBXBuildFile; fileRef = CB7CEE882597E10D00A465EE /* OpenSans-LightItalic.ttf */; };
		CB7CEE932597E10D00A465EE /* OpenSans-ExtraBold.ttf in Resources */ = {isa = PBXBuildFile; fileRef = CB7CEE892597E10D00A465EE /* OpenSans-ExtraBold.ttf */; };
		CB7CEE9A2597E62600A465EE /* DesignSystem.swift in Sources */ = {isa = PBXBuildFile; fileRef = CB7CEE992597E62600A465EE /* DesignSystem.swift */; };
/* End PBXBuildFile section */

/* Begin PBXFileReference section */
		CB3E7FD72597C7D700D5A31E /* Nubank.app */ = {isa = PBXFileReference; explicitFileType = wrapper.application; includeInIndex = 0; path = Nubank.app; sourceTree = BUILT_PRODUCTS_DIR; };
		CB3E7FDA2597C7D700D5A31E /* AppDelegate.swift */ = {isa = PBXFileReference; lastKnownFileType = sourcecode.swift; path = AppDelegate.swift; sourceTree = "<group>"; };
		CB3E7FDC2597C7D700D5A31E /* SceneDelegate.swift */ = {isa = PBXFileReference; lastKnownFileType = sourcecode.swift; path = SceneDelegate.swift; sourceTree = "<group>"; };
		CB3E7FDE2597C7D700D5A31E /* ViewController.swift */ = {isa = PBXFileReference; lastKnownFileType = sourcecode.swift; path = ViewController.swift; sourceTree = "<group>"; };
		CB3E7FE32597C7D800D5A31E /* Assets.xcassets */ = {isa = PBXFileReference; lastKnownFileType = folder.assetcatalog; path = Assets.xcassets; sourceTree = "<group>"; };
		CB3E7FE62597C7D800D5A31E /* Base */ = {isa = PBXFileReference; lastKnownFileType = file.storyboard; name = Base; path = Base.lproj/LaunchScreen.storyboard; sourceTree = "<group>"; };
		CB3E7FE82597C7D800D5A31E /* Info.plist */ = {isa = PBXFileReference; lastKnownFileType = text.plist.xml; path = Info.plist; sourceTree = "<group>"; };
		CB7CEE782597DBF600A465EE /* UIColor+Extensions.swift */ = {isa = PBXFileReference; lastKnownFileType = sourcecode.swift; path = "UIColor+Extensions.swift"; sourceTree = "<group>"; };
		CB7CEE7C2597E05E00A465EE /* UIFont+Extensions.swift */ = {isa = PBXFileReference; lastKnownFileType = sourcecode.swift; path = "UIFont+Extensions.swift"; sourceTree = "<group>"; };
		CB7CEE802597E10D00A465EE /* OpenSans-Italic.ttf */ = {isa = PBXFileReference; lastKnownFileType = file; path = "OpenSans-Italic.ttf"; sourceTree = "<group>"; };
		CB7CEE812597E10D00A465EE /* OpenSans-Light.ttf */ = {isa = PBXFileReference; lastKnownFileType = file; path = "OpenSans-Light.ttf"; sourceTree = "<group>"; };
		CB7CEE822597E10D00A465EE /* OpenSans-SemiBoldItalic.ttf */ = {isa = PBXFileReference; lastKnownFileType = file; path = "OpenSans-SemiBoldItalic.ttf"; sourceTree = "<group>"; };
		CB7CEE832597E10D00A465EE /* OpenSans-Regular.ttf */ = {isa = PBXFileReference; lastKnownFileType = file; path = "OpenSans-Regular.ttf"; sourceTree = "<group>"; };
		CB7CEE842597E10D00A465EE /* OpenSans-SemiBold.ttf */ = {isa = PBXFileReference; lastKnownFileType = file; path = "OpenSans-SemiBold.ttf"; sourceTree = "<group>"; };
		CB7CEE852597E10D00A465EE /* OpenSans-Bold.ttf */ = {isa = PBXFileReference; lastKnownFileType = file; path = "OpenSans-Bold.ttf"; sourceTree = "<group>"; };
		CB7CEE862597E10D00A465EE /* OpenSans-ExtraBoldItalic.ttf */ = {isa = PBXFileReference; lastKnownFileType = file; path = "OpenSans-ExtraBoldItalic.ttf"; sourceTree = "<group>"; };
		CB7CEE872597E10D00A465EE /* OpenSans-BoldItalic.ttf */ = {isa = PBXFileReference; lastKnownFileType = file; path = "OpenSans-BoldItalic.ttf"; sourceTree = "<group>"; };
		CB7CEE882597E10D00A465EE /* OpenSans-LightItalic.ttf */ = {isa = PBXFileReference; lastKnownFileType = file; path = "OpenSans-LightItalic.ttf"; sourceTree = "<group>"; };
		CB7CEE892597E10D00A465EE /* OpenSans-ExtraBold.ttf */ = {isa = PBXFileReference; lastKnownFileType = file; path = "OpenSans-ExtraBold.ttf"; sourceTree = "<group>"; };
		CB7CEE992597E62600A465EE /* DesignSystem.swift */ = {isa = PBXFileReference; lastKnownFileType = sourcecode.swift; path = DesignSystem.swift; sourceTree = "<group>"; };
/* End PBXFileReference section */

/* Begin PBXFrameworksBuildPhase section */
		CB3E7FD42597C7D700D5A31E /* Frameworks */ = {
			isa = PBXFrameworksBuildPhase;
			buildActionMask = 2147483647;
			files = (
			);
			runOnlyForDeploymentPostprocessing = 0;
		};
/* End PBXFrameworksBuildPhase section */

/* Begin PBXGroup section */
		CB3E7FCE2597C7D700D5A31E = {
			isa = PBXGroup;
			children = (
				CB3E7FD92597C7D700D5A31E /* Nubank */,
				CB3E7FD82597C7D700D5A31E /* Products */,
			);
			sourceTree = "<group>";
		};
		CB3E7FD82597C7D700D5A31E /* Products */ = {
			isa = PBXGroup;
			children = (
				CB3E7FD72597C7D700D5A31E /* Nubank.app */,
			);
			name = Products;
			sourceTree = "<group>";
		};
		CB3E7FD92597C7D700D5A31E /* Nubank */ = {
			isa = PBXGroup;
			children = (
				CB3E7FF02597C88800D5A31E /* Application */,
				CB7CEE772597DBCF00A465EE /* Extensions & Utils */,
				CB7CEE7F2597E0DE00A465EE /* Fonts */,
				CB3E7FDE2597C7D700D5A31E /* ViewController.swift */,
				CB3E7FE32597C7D800D5A31E /* Assets.xcassets */,
				CB3E7FE52597C7D800D5A31E /* LaunchScreen.storyboard */,
				CB3E7FE82597C7D800D5A31E /* Info.plist */,
			);
			path = Nubank;
			sourceTree = "<group>";
		};
		CB3E7FF02597C88800D5A31E /* Application */ = {
			isa = PBXGroup;
			children = (
				CB3E7FDA2597C7D700D5A31E /* AppDelegate.swift */,
				CB3E7FDC2597C7D700D5A31E /* SceneDelegate.swift */,
			);
			path = Application;
			sourceTree = "<group>";
		};
		CB7CEE772597DBCF00A465EE /* Extensions & Utils */ = {
			isa = PBXGroup;
			children = (
				CB7CEE962597E51100A465EE /* Extensions */,
				CB7CEE992597E62600A465EE /* DesignSystem.swift */,
			);
			path = "Extensions & Utils";
			sourceTree = "<group>";
		};
		CB7CEE7F2597E0DE00A465EE /* Fonts */ = {
			isa = PBXGroup;
			children = (
				CB7CEE852597E10D00A465EE /* OpenSans-Bold.ttf */,
				CB7CEE872597E10D00A465EE /* OpenSans-BoldItalic.ttf */,
				CB7CEE892597E10D00A465EE /* OpenSans-ExtraBold.ttf */,
				CB7CEE862597E10D00A465EE /* OpenSans-ExtraBoldItalic.ttf */,
				CB7CEE802597E10D00A465EE /* OpenSans-Italic.ttf */,
				CB7CEE812597E10D00A465EE /* OpenSans-Light.ttf */,
				CB7CEE882597E10D00A465EE /* OpenSans-LightItalic.ttf */,
				CB7CEE832597E10D00A465EE /* OpenSans-Regular.ttf */,
				CB7CEE842597E10D00A465EE /* OpenSans-SemiBold.ttf */,
				CB7CEE822597E10D00A465EE /* OpenSans-SemiBoldItalic.ttf */,
			);
			path = Fonts;
			sourceTree = "<group>";
		};
		CB7CEE962597E51100A465EE /* Extensions */ = {
			isa = PBXGroup;
			children = (
				CB7CEE782597DBF600A465EE /* UIColor+Extensions.swift */,
				CB7CEE7C2597E05E00A465EE /* UIFont+Extensions.swift */,
			);
			path = Extensions;
			sourceTree = "<group>";
		};
/* End PBXGroup section */

/* Begin PBXNativeTarget section */
		CB3E7FD62597C7D700D5A31E /* Nubank */ = {
			isa = PBXNativeTarget;
			buildConfigurationList = CB3E7FEB2597C7D800D5A31E /* Build configuration list for PBXNativeTarget "Nubank" */;
			buildPhases = (
				CB3E7FD32597C7D700D5A31E /* Sources */,
				CB3E7FD42597C7D700D5A31E /* Frameworks */,
				CB3E7FD52597C7D700D5A31E /* Resources */,
				CB3E7FF22597C90000D5A31E /* SwiftLint */,
			);
			buildRules = (
			);
			dependencies = (
			);
			name = Nubank;
			productName = Nubank;
			productReference = CB3E7FD72597C7D700D5A31E /* Nubank.app */;
			productType = "com.apple.product-type.application";
		};
/* End PBXNativeTarget section */

/* Begin PBXProject section */
		CB3E7FCF2597C7D700D5A31E /* Project object */ = {
			isa = PBXProject;
			attributes = {
				LastSwiftUpdateCheck = 1230;
				LastUpgradeCheck = 1230;
				TargetAttributes = {
					CB3E7FD62597C7D700D5A31E = {
						CreatedOnToolsVersion = 12.3;
					};
				};
			};
			buildConfigurationList = CB3E7FD22597C7D700D5A31E /* Build configuration list for PBXProject "Nubank" */;
			compatibilityVersion = "Xcode 9.3";
			developmentRegion = en;
			hasScannedForEncodings = 0;
			knownRegions = (
				en,
				Base,
			);
			mainGroup = CB3E7FCE2597C7D700D5A31E;
			productRefGroup = CB3E7FD82597C7D700D5A31E /* Products */;
			projectDirPath = "";
			projectRoot = "";
			targets = (
				CB3E7FD62597C7D700D5A31E /* Nubank */,
			);
		};
/* End PBXProject section */

/* Begin PBXResourcesBuildPhase section */
		CB3E7FD52597C7D700D5A31E /* Resources */ = {
			isa = PBXResourcesBuildPhase;
			buildActionMask = 2147483647;
			files = (
				CB7CEE8A2597E10D00A465EE /* OpenSans-Italic.ttf in Resources */,
				CB7CEE902597E10D00A465EE /* OpenSans-ExtraBoldItalic.ttf in Resources */,
				CB3E7FE72597C7D800D5A31E /* LaunchScreen.storyboard in Resources */,
				CB7CEE8F2597E10D00A465EE /* OpenSans-Bold.ttf in Resources */,
				CB7CEE912597E10D00A465EE /* OpenSans-BoldItalic.ttf in Resources */,
				CB7CEE922597E10D00A465EE /* OpenSans-LightItalic.ttf in Resources */,
				CB7CEE8E2597E10D00A465EE /* OpenSans-SemiBold.ttf in Resources */,
				CB7CEE8B2597E10D00A465EE /* OpenSans-Light.ttf in Resources */,
				CB3E7FE42597C7D800D5A31E /* Assets.xcassets in Resources */,
				CB7CEE8D2597E10D00A465EE /* OpenSans-Regular.ttf in Resources */,
				CB7CEE8C2597E10D00A465EE /* OpenSans-SemiBoldItalic.ttf in Resources */,
				CB7CEE932597E10D00A465EE /* OpenSans-ExtraBold.ttf in Resources */,
			);
			runOnlyForDeploymentPostprocessing = 0;
		};
/* End PBXResourcesBuildPhase section */

/* Begin PBXShellScriptBuildPhase section */
		CB3E7FF22597C90000D5A31E /* SwiftLint */ = {
			isa = PBXShellScriptBuildPhase;
			buildActionMask = 2147483647;
			files = (
			);
			inputFileListPaths = (
			);
			inputPaths = (
			);
			name = SwiftLint;
			outputFileListPaths = (
			);
			outputPaths = (
			);
			runOnlyForDeploymentPostprocessing = 0;
			shellPath = /bin/sh;
			shellScript = "if which swiftlint >/dev/null; then\n  swiftlint\nelse\n  echo \"warning: SwiftLint not installed, download from https://github.com/realm/SwiftLint\"\nfi\n";
		};
/* End PBXShellScriptBuildPhase section */

/* Begin PBXSourcesBuildPhase section */
		CB3E7FD32597C7D700D5A31E /* Sources */ = {
			isa = PBXSourcesBuildPhase;
			buildActionMask = 2147483647;
			files = (
				CB7CEE9A2597E62600A465EE /* DesignSystem.swift in Sources */,
				CB3E7FDF2597C7D700D5A31E /* ViewController.swift in Sources */,
				CB3E7FDB2597C7D700D5A31E /* AppDelegate.swift in Sources */,
				CB3E7FDD2597C7D700D5A31E /* SceneDelegate.swift in Sources */,
				CB7CEE7D2597E05E00A465EE /* UIFont+Extensions.swift in Sources */,
				CB7CEE792597DBF600A465EE /* UIColor+Extensions.swift in Sources */,
			);
			runOnlyForDeploymentPostprocessing = 0;
		};
/* End PBXSourcesBuildPhase section */

/* Begin PBXVariantGroup section */
		CB3E7FE52597C7D800D5A31E /* LaunchScreen.storyboard */ = {
			isa = PBXVariantGroup;
			children = (
				CB3E7FE62597C7D800D5A31E /* Base */,
			);
			name = LaunchScreen.storyboard;
			sourceTree = "<group>";
		};
/* End PBXVariantGroup section */

/* Begin XCBuildConfiguration section */
		CB3E7FE92597C7D800D5A31E /* Debug */ = {
			isa = XCBuildConfiguration;
			buildSettings = {
				ALWAYS_SEARCH_USER_PATHS = NO;
				CLANG_ANALYZER_NONNULL = YES;
				CLANG_ANALYZER_NUMBER_OBJECT_CONVERSION = YES_AGGRESSIVE;
				CLANG_CXX_LANGUAGE_STANDARD = "gnu++14";
				CLANG_CXX_LIBRARY = "libc++";
				CLANG_ENABLE_MODULES = YES;
				CLANG_ENABLE_OBJC_ARC = YES;
				CLANG_ENABLE_OBJC_WEAK = YES;
				CLANG_WARN_BLOCK_CAPTURE_AUTORELEASING = YES;
				CLANG_WARN_BOOL_CONVERSION = YES;
				CLANG_WARN_COMMA = YES;
				CLANG_WARN_CONSTANT_CONVERSION = YES;
				CLANG_WARN_DEPRECATED_OBJC_IMPLEMENTATIONS = YES;
				CLANG_WARN_DIRECT_OBJC_ISA_USAGE = YES_ERROR;
				CLANG_WARN_DOCUMENTATION_COMMENTS = YES;
				CLANG_WARN_EMPTY_BODY = YES;
				CLANG_WARN_ENUM_CONVERSION = YES;
				CLANG_WARN_INFINITE_RECURSION = YES;
				CLANG_WARN_INT_CONVERSION = YES;
				CLANG_WARN_NON_LITERAL_NULL_CONVERSION = YES;
				CLANG_WARN_OBJC_IMPLICIT_RETAIN_SELF = YES;
				CLANG_WARN_OBJC_LITERAL_CONVERSION = YES;
				CLANG_WARN_OBJC_ROOT_CLASS = YES_ERROR;
				CLANG_WARN_QUOTED_INCLUDE_IN_FRAMEWORK_HEADER = YES;
				CLANG_WARN_RANGE_LOOP_ANALYSIS = YES;
				CLANG_WARN_STRICT_PROTOTYPES = YES;
				CLANG_WARN_SUSPICIOUS_MOVE = YES;
				CLANG_WARN_UNGUARDED_AVAILABILITY = YES_AGGRESSIVE;
				CLANG_WARN_UNREACHABLE_CODE = YES;
				CLANG_WARN__DUPLICATE_METHOD_MATCH = YES;
				COPY_PHASE_STRIP = NO;
				DEBUG_INFORMATION_FORMAT = dwarf;
				ENABLE_STRICT_OBJC_MSGSEND = YES;
				ENABLE_TESTABILITY = YES;
				GCC_C_LANGUAGE_STANDARD = gnu11;
				GCC_DYNAMIC_NO_PIC = NO;
				GCC_NO_COMMON_BLOCKS = YES;
				GCC_OPTIMIZATION_LEVEL = 0;
				GCC_PREPROCESSOR_DEFINITIONS = (
					"DEBUG=1",
					"$(inherited)",
				);
				GCC_WARN_64_TO_32_BIT_CONVERSION = YES;
				GCC_WARN_ABOUT_RETURN_TYPE = YES_ERROR;
				GCC_WARN_UNDECLARED_SELECTOR = YES;
				GCC_WARN_UNINITIALIZED_AUTOS = YES_AGGRESSIVE;
				GCC_WARN_UNUSED_FUNCTION = YES;
				GCC_WARN_UNUSED_VARIABLE = YES;
				IPHONEOS_DEPLOYMENT_TARGET = 14.3;
				MTL_ENABLE_DEBUG_INFO = INCLUDE_SOURCE;
				MTL_FAST_MATH = YES;
				ONLY_ACTIVE_ARCH = YES;
				SDKROOT = iphoneos;
				SWIFT_ACTIVE_COMPILATION_CONDITIONS = DEBUG;
				SWIFT_OPTIMIZATION_LEVEL = "-Onone";
			};
			name = Debug;
		};
		CB3E7FEA2597C7D800D5A31E /* Release */ = {
			isa = XCBuildConfiguration;
			buildSettings = {
				ALWAYS_SEARCH_USER_PATHS = NO;
				CLANG_ANALYZER_NONNULL = YES;
				CLANG_ANALYZER_NUMBER_OBJECT_CONVERSION = YES_AGGRESSIVE;
				CLANG_CXX_LANGUAGE_STANDARD = "gnu++14";
				CLANG_CXX_LIBRARY = "libc++";
				CLANG_ENABLE_MODULES = YES;
				CLANG_ENABLE_OBJC_ARC = YES;
				CLANG_ENABLE_OBJC_WEAK = YES;
				CLANG_WARN_BLOCK_CAPTURE_AUTORELEASING = YES;
				CLANG_WARN_BOOL_CONVERSION = YES;
				CLANG_WARN_COMMA = YES;
				CLANG_WARN_CONSTANT_CONVERSION = YES;
				CLANG_WARN_DEPRECATED_OBJC_IMPLEMENTATIONS = YES;
				CLANG_WARN_DIRECT_OBJC_ISA_USAGE = YES_ERROR;
				CLANG_WARN_DOCUMENTATION_COMMENTS = YES;
				CLANG_WARN_EMPTY_BODY = YES;
				CLANG_WARN_ENUM_CONVERSION = YES;
				CLANG_WARN_INFINITE_RECURSION = YES;
				CLANG_WARN_INT_CONVERSION = YES;
				CLANG_WARN_NON_LITERAL_NULL_CONVERSION = YES;
				CLANG_WARN_OBJC_IMPLICIT_RETAIN_SELF = YES;
				CLANG_WARN_OBJC_LITERAL_CONVERSION = YES;
				CLANG_WARN_OBJC_ROOT_CLASS = YES_ERROR;
				CLANG_WARN_QUOTED_INCLUDE_IN_FRAMEWORK_HEADER = YES;
				CLANG_WARN_RANGE_LOOP_ANALYSIS = YES;
				CLANG_WARN_STRICT_PROTOTYPES = YES;
				CLANG_WARN_SUSPICIOUS_MOVE = YES;
				CLANG_WARN_UNGUARDED_AVAILABILITY = YES_AGGRESSIVE;
				CLANG_WARN_UNREACHABLE_CODE = YES;
				CLANG_WARN__DUPLICATE_METHOD_MATCH = YES;
				COPY_PHASE_STRIP = NO;
				DEBUG_INFORMATION_FORMAT = "dwarf-with-dsym";
				ENABLE_NS_ASSERTIONS = NO;
				ENABLE_STRICT_OBJC_MSGSEND = YES;
				GCC_C_LANGUAGE_STANDARD = gnu11;
				GCC_NO_COMMON_BLOCKS = YES;
				GCC_WARN_64_TO_32_BIT_CONVERSION = YES;
				GCC_WARN_ABOUT_RETURN_TYPE = YES_ERROR;
				GCC_WARN_UNDECLARED_SELECTOR = YES;
				GCC_WARN_UNINITIALIZED_AUTOS = YES_AGGRESSIVE;
				GCC_WARN_UNUSED_FUNCTION = YES;
				GCC_WARN_UNUSED_VARIABLE = YES;
				IPHONEOS_DEPLOYMENT_TARGET = 14.3;
				MTL_ENABLE_DEBUG_INFO = NO;
				MTL_FAST_MATH = YES;
				SDKROOT = iphoneos;
				SWIFT_COMPILATION_MODE = wholemodule;
				SWIFT_OPTIMIZATION_LEVEL = "-O";
				VALIDATE_PRODUCT = YES;
			};
			name = Release;
		};
		CB3E7FEC2597C7D800D5A31E /* Debug */ = {
			isa = XCBuildConfiguration;
			buildSettings = {
				ASSETCATALOG_COMPILER_APPICON_NAME = AppIcon;
				ASSETCATALOG_COMPILER_GLOBAL_ACCENT_COLOR_NAME = AccentColor;
				CODE_SIGN_STYLE = Automatic;
				INFOPLIST_FILE = Nubank/Info.plist;
				LD_RUNPATH_SEARCH_PATHS = (
					"$(inherited)",
					"@executable_path/Frameworks",
				);
				PRODUCT_BUNDLE_IDENTIFIER = br.com.zewuchen.Nubank;
				PRODUCT_NAME = "$(TARGET_NAME)";
				SWIFT_VERSION = 5.0;
				TARGETED_DEVICE_FAMILY = 1;
			};
			name = Debug;
		};
		CB3E7FED2597C7D800D5A31E /* Release */ = {
			isa = XCBuildConfiguration;
			buildSettings = {
				ASSETCATALOG_COMPILER_APPICON_NAME = AppIcon;
				ASSETCATALOG_COMPILER_GLOBAL_ACCENT_COLOR_NAME = AccentColor;
				CODE_SIGN_STYLE = Automatic;
				INFOPLIST_FILE = Nubank/Info.plist;
				LD_RUNPATH_SEARCH_PATHS = (
					"$(inherited)",
					"@executable_path/Frameworks",
				);
				PRODUCT_BUNDLE_IDENTIFIER = br.com.zewuchen.Nubank;
				PRODUCT_NAME = "$(TARGET_NAME)";
				SWIFT_VERSION = 5.0;
				TARGETED_DEVICE_FAMILY = 1;
			};
			name = Release;
		};
/* End XCBuildConfiguration section */

/* Begin XCConfigurationList section */
		CB3E7FD22597C7D700D5A31E /* Build configuration list for PBXProject "Nubank" */ = {
			isa = XCConfigurationList;
			buildConfigurations = (
				CB3E7FE92597C7D800D5A31E /* Debug */,
				CB3E7FEA2597C7D800D5A31E /* Release */,
			);
			defaultConfigurationIsVisible = 0;
			defaultConfigurationName = Release;
		};
		CB3E7FEB2597C7D800D5A31E /* Build configuration list for PBXNativeTarget "Nubank" */ = {
			isa = XCConfigurationList;
			buildConfigurations = (
				CB3E7FEC2597C7D800D5A31E /* Debug */,
				CB3E7FED2597C7D800D5A31E /* Release */,
			);
			defaultConfigurationIsVisible = 0;
			defaultConfigurationName = Release;
		};
/* End XCConfigurationList section */
	};
	rootObject = CB3E7FCF2597C7D700D5A31E /* Project object */;
}
